// !$*UTF8*$!
{
	archiveVersion = 1;
	classes = {
	};
	objectVersion = 51;
	objects = {

/* Begin PBXBuildFile section */
		3384260C42E944F1F5BEC0C5 /* Pods_Todoey.framework in Frameworks */ = {isa = PBXBuildFile; fileRef = E27C11F0DCE3BF1BC55308B7 /* Pods_Todoey.framework */; };
		BF1DBE6424732354009D0B3B /* Item.swift in Sources */ = {isa = PBXBuildFile; fileRef = BF1DBE6324732354009D0B3B /* Item.swift */; };
		BF1DBE6624732377009D0B3B /* Category.swift in Sources */ = {isa = PBXBuildFile; fileRef = BF1DBE6524732377009D0B3B /* Category.swift */; };
		BFA999A02458CEED00AA81EE /* AppDelegate.swift in Sources */ = {isa = PBXBuildFile; fileRef = BFA9999F2458CEED00AA81EE /* AppDelegate.swift */; };
		BFA999A22458CEED00AA81EE /* SceneDelegate.swift in Sources */ = {isa = PBXBuildFile; fileRef = BFA999A12458CEED00AA81EE /* SceneDelegate.swift */; };
		BFA999A42458CEED00AA81EE /* TodoListViewController.swift in Sources */ = {isa = PBXBuildFile; fileRef = BFA999A32458CEED00AA81EE /* TodoListViewController.swift */; };
		BFA999A72458CEED00AA81EE /* Main.storyboard in Resources */ = {isa = PBXBuildFile; fileRef = BFA999A52458CEED00AA81EE /* Main.storyboard */; };
		BFA999A92458CEF300AA81EE /* Assets.xcassets in Resources */ = {isa = PBXBuildFile; fileRef = BFA999A82458CEF300AA81EE /* Assets.xcassets */; };
		BFA999AC2458CEF300AA81EE /* LaunchScreen.storyboard in Resources */ = {isa = PBXBuildFile; fileRef = BFA999AA2458CEF300AA81EE /* LaunchScreen.storyboard */; };
		BFD3AECD24689588007B7E73 /* CategoryViewController.swift in Sources */ = {isa = PBXBuildFile; fileRef = BFD3AECC24689588007B7E73 /* CategoryViewController.swift */; };
		BFEFD9C1247D540200AF5976 /* SwipeTableViewController.swift in Sources */ = {isa = PBXBuildFile; fileRef = BFEFD9C0247D540200AF5976 /* SwipeTableViewController.swift */; };
/* End PBXBuildFile section */

/* Begin PBXFileReference section */
		8ED2D2FB7317432B12A2C038 /* Pods-Todoey.release.xcconfig */ = {isa = PBXFileReference; includeInIndex = 1; lastKnownFileType = text.xcconfig; name = "Pods-Todoey.release.xcconfig"; path = "Target Support Files/Pods-Todoey/Pods-Todoey.release.xcconfig"; sourceTree = "<group>"; };
		8F4659A923C4FBFB190CEA29 /* Pods-Todoey.debug.xcconfig */ = {isa = PBXFileReference; includeInIndex = 1; lastKnownFileType = text.xcconfig; name = "Pods-Todoey.debug.xcconfig"; path = "Target Support Files/Pods-Todoey/Pods-Todoey.debug.xcconfig"; sourceTree = "<group>"; };
		BF1DBE6324732354009D0B3B /* Item.swift */ = {isa = PBXFileReference; lastKnownFileType = sourcecode.swift; path = Item.swift; sourceTree = SOURCE_ROOT; };
		BF1DBE6524732377009D0B3B /* Category.swift */ = {isa = PBXFileReference; lastKnownFileType = sourcecode.swift; path = Category.swift; sourceTree = SOURCE_ROOT; };
		BFA9999C2458CEED00AA81EE /* Todoey.app */ = {isa = PBXFileReference; explicitFileType = wrapper.application; includeInIndex = 0; path = Todoey.app; sourceTree = BUILT_PRODUCTS_DIR; };
		BFA9999F2458CEED00AA81EE /* AppDelegate.swift */ = {isa = PBXFileReference; lastKnownFileType = sourcecode.swift; path = AppDelegate.swift; sourceTree = "<group>"; };
		BFA999A12458CEED00AA81EE /* SceneDelegate.swift */ = {isa = PBXFileReference; lastKnownFileType = sourcecode.swift; path = SceneDelegate.swift; sourceTree = "<group>"; };
		BFA999A32458CEED00AA81EE /* TodoListViewController.swift */ = {isa = PBXFileReference; lastKnownFileType = sourcecode.swift; path = TodoListViewController.swift; sourceTree = "<group>"; };
		BFA999A62458CEED00AA81EE /* Base */ = {isa = PBXFileReference; lastKnownFileType = file.storyboard; name = Base; path = Base.lproj/Main.storyboard; sourceTree = "<group>"; };
		BFA999A82458CEF300AA81EE /* Assets.xcassets */ = {isa = PBXFileReference; lastKnownFileType = folder.assetcatalog; path = Assets.xcassets; sourceTree = "<group>"; };
		BFA999AB2458CEF300AA81EE /* Base */ = {isa = PBXFileReference; lastKnownFileType = file.storyboard; name = Base; path = Base.lproj/LaunchScreen.storyboard; sourceTree = "<group>"; };
		BFA999AD2458CEF300AA81EE /* Info.plist */ = {isa = PBXFileReference; lastKnownFileType = text.plist.xml; path = Info.plist; sourceTree = "<group>"; };
		BFD3AECC24689588007B7E73 /* CategoryViewController.swift */ = {isa = PBXFileReference; lastKnownFileType = sourcecode.swift; path = CategoryViewController.swift; sourceTree = "<group>"; };
		BFEFD9C0247D540200AF5976 /* SwipeTableViewController.swift */ = {isa = PBXFileReference; lastKnownFileType = sourcecode.swift; path = SwipeTableViewController.swift; sourceTree = "<group>"; };
		E27C11F0DCE3BF1BC55308B7 /* Pods_Todoey.framework */ = {isa = PBXFileReference; explicitFileType = wrapper.framework; includeInIndex = 0; path = Pods_Todoey.framework; sourceTree = BUILT_PRODUCTS_DIR; };
/* End PBXFileReference section */

/* Begin PBXFrameworksBuildPhase section */
		BFA999992458CEED00AA81EE /* Frameworks */ = {
			isa = PBXFrameworksBuildPhase;
			buildActionMask = 2147483647;
			files = (
				3384260C42E944F1F5BEC0C5 /* Pods_Todoey.framework in Frameworks */,
			);
			runOnlyForDeploymentPostprocessing = 0;
		};
/* End PBXFrameworksBuildPhase section */

/* Begin PBXGroup section */
		4D1D916A741B54FCED7EA6BA /* Pods */ = {
			isa = PBXGroup;
			children = (
				8F4659A923C4FBFB190CEA29 /* Pods-Todoey.debug.xcconfig */,
				8ED2D2FB7317432B12A2C038 /* Pods-Todoey.release.xcconfig */,
			);
			path = Pods;
			sourceTree = "<group>";
		};
		A1312AF42ABB83A7DC2981E6 /* Frameworks */ = {
			isa = PBXGroup;
			children = (
				E27C11F0DCE3BF1BC55308B7 /* Pods_Todoey.framework */,
			);
			name = Frameworks;
			sourceTree = "<group>";
		};
		BF02DD25245AEFC8000D9C81 /* Controllers */ = {
			isa = PBXGroup;
			children = (
				BFD3AECC24689588007B7E73 /* CategoryViewController.swift */,
				BFA999A32458CEED00AA81EE /* TodoListViewController.swift */,
				BFEFD9C0247D540200AF5976 /* SwipeTableViewController.swift */,
			);
			path = Controllers;
			sourceTree = "<group>";
		};
		BF02DD26245AEFEF000D9C81 /* Data Model */ = {
			isa = PBXGroup;
			children = (
				BF1DBE6524732377009D0B3B /* Category.swift */,
				BF1DBE6324732354009D0B3B /* Item.swift */,
			);
			path = "Data Model";
			sourceTree = "<group>";
		};
		BF02DD27245AF014000D9C81 /* Views */ = {
			isa = PBXGroup;
			children = (
				BFA999A52458CEED00AA81EE /* Main.storyboard */,
			);
			path = Views;
			sourceTree = "<group>";
		};
		BF02DD28245AF02C000D9C81 /* Supporting Files */ = {
			isa = PBXGroup;
			children = (
				BFA999A82458CEF300AA81EE /* Assets.xcassets */,
				BFA999AA2458CEF300AA81EE /* LaunchScreen.storyboard */,
			);
			path = "Supporting Files";
			sourceTree = "<group>";
		};
		BFA999932458CEED00AA81EE = {
			isa = PBXGroup;
			children = (
				BFA9999E2458CEED00AA81EE /* Todoey */,
				BFA9999D2458CEED00AA81EE /* Products */,
				4D1D916A741B54FCED7EA6BA /* Pods */,
				A1312AF42ABB83A7DC2981E6 /* Frameworks */,
			);
			sourceTree = "<group>";
		};
		BFA9999D2458CEED00AA81EE /* Products */ = {
			isa = PBXGroup;
			children = (
				BFA9999C2458CEED00AA81EE /* Todoey.app */,
			);
			name = Products;
			sourceTree = "<group>";
		};
		BFA9999E2458CEED00AA81EE /* Todoey */ = {
			isa = PBXGroup;
			children = (
				BFA9999F2458CEED00AA81EE /* AppDelegate.swift */,
				BFA999A12458CEED00AA81EE /* SceneDelegate.swift */,
				BF02DD25245AEFC8000D9C81 /* Controllers */,
				BF02DD26245AEFEF000D9C81 /* Data Model */,
				BF02DD27245AF014000D9C81 /* Views */,
				BF02DD28245AF02C000D9C81 /* Supporting Files */,
				BFA999AD2458CEF300AA81EE /* Info.plist */,
			);
			path = Todoey;
			sourceTree = "<group>";
		};
/* End PBXGroup section */

/* Begin PBXNativeTarget section */
		BFA9999B2458CEED00AA81EE /* Todoey */ = {
			isa = PBXNativeTarget;
			buildConfigurationList = BFA999B02458CEF300AA81EE /* Build configuration list for PBXNativeTarget "Todoey" */;
			buildPhases = (
				CEDD05EA24DF6CC847CDE949 /* [CP] Check Pods Manifest.lock */,
				BFA999982458CEED00AA81EE /* Sources */,
				BFA999992458CEED00AA81EE /* Frameworks */,
				BFA9999A2458CEED00AA81EE /* Resources */,
				B76B065E82E1D842FD62932C /* [CP] Embed Pods Frameworks */,
			);
			buildRules = (
			);
			dependencies = (
			);
			name = Todoey;
			productName = Todoey;
			productReference = BFA9999C2458CEED00AA81EE /* Todoey.app */;
			productType = "com.apple.product-type.application";
		};
/* End PBXNativeTarget section */

/* Begin PBXProject section */
		BFA999942458CEED00AA81EE /* Project object */ = {
			isa = PBXProject;
			attributes = {
				LastSwiftUpdateCheck = 1130;
				LastUpgradeCheck = 1130;
				ORGANIZATIONNAME = "Cindy Rohr";
				TargetAttributes = {
					BFA9999B2458CEED00AA81EE = {
						CreatedOnToolsVersion = 11.3;
					};
				};
			};
			buildConfigurationList = BFA999972458CEED00AA81EE /* Build configuration list for PBXProject "Todoey" */;
			compatibilityVersion = "Xcode 9.3";
			developmentRegion = en;
			hasScannedForEncodings = 0;
			knownRegions = (
				en,
				Base,
			);
			mainGroup = BFA999932458CEED00AA81EE;
			productRefGroup = BFA9999D2458CEED00AA81EE /* Products */;
			projectDirPath = "";
			projectRoot = "";
			targets = (
				BFA9999B2458CEED00AA81EE /* Todoey */,
			);
		};
/* End PBXProject section */

/* Begin PBXResourcesBuildPhase section */
		BFA9999A2458CEED00AA81EE /* Resources */ = {
			isa = PBXResourcesBuildPhase;
			buildActionMask = 2147483647;
			files = (
				BFA999AC2458CEF300AA81EE /* LaunchScreen.storyboard in Resources */,
				BFA999A92458CEF300AA81EE /* Assets.xcassets in Resources */,
				BFA999A72458CEED00AA81EE /* Main.storyboard in Resources */,
			);
			runOnlyForDeploymentPostprocessing = 0;
		};
/* End PBXResourcesBuildPhase section */

/* Begin PBXShellScriptBuildPhase section */
		B76B065E82E1D842FD62932C /* [CP] Embed Pods Frameworks */ = {
			isa = PBXShellScriptBuildPhase;
			buildActionMask = 2147483647;
			files = (
			);
			inputFileListPaths = (
				"${PODS_ROOT}/Target Support Files/Pods-Todoey/Pods-Todoey-frameworks-${CONFIGURATION}-input-files.xcfilelist",
			);
			name = "[CP] Embed Pods Frameworks";
			outputFileListPaths = (
				"${PODS_ROOT}/Target Support Files/Pods-Todoey/Pods-Todoey-frameworks-${CONFIGURATION}-output-files.xcfilelist",
			);
			runOnlyForDeploymentPostprocessing = 0;
			shellPath = /bin/sh;
			shellScript = "\"${PODS_ROOT}/Target Support Files/Pods-Todoey/Pods-Todoey-frameworks.sh\"\n";
			showEnvVarsInLog = 0;
		};
		CEDD05EA24DF6CC847CDE949 /* [CP] Check Pods Manifest.lock */ = {
			isa = PBXShellScriptBuildPhase;
			buildActionMask = 2147483647;
			files = (
			);
			inputFileListPaths = (
			);
			inputPaths = (
				"${PODS_PODFILE_DIR_PATH}/Podfile.lock",
				"${PODS_ROOT}/Manifest.lock",
			);
			name = "[CP] Check Pods Manifest.lock";
			outputFileListPaths = (
			);
			outputPaths = (
				"$(DERIVED_FILE_DIR)/Pods-Todoey-checkManifestLockResult.txt",
			);
			runOnlyForDeploymentPostprocessing = 0;
			shellPath = /bin/sh;
			shellScript = "diff \"${PODS_PODFILE_DIR_PATH}/Podfile.lock\" \"${PODS_ROOT}/Manifest.lock\" > /dev/null\nif [ $? != 0 ] ; then\n    # print error to STDERR\n    echo \"error: The sandbox is not in sync with the Podfile.lock. Run 'pod install' or update your CocoaPods installation.\" >&2\n    exit 1\nfi\n# This output is used by Xcode 'outputs' to avoid re-running this script phase.\necho \"SUCCESS\" > \"${SCRIPT_OUTPUT_FILE_0}\"\n";
			showEnvVarsInLog = 0;
		};
/* End PBXShellScriptBuildPhase section */

/* Begin PBXSourcesBuildPhase section */
		BFA999982458CEED00AA81EE /* Sources */ = {
			isa = PBXSourcesBuildPhase;
			buildActionMask = 2147483647;
			files = (
				BFD3AECD24689588007B7E73 /* CategoryViewController.swift in Sources */,
				BFA999A42458CEED00AA81EE /* TodoListViewController.swift in Sources */,
				BFA999A02458CEED00AA81EE /* AppDelegate.swift in Sources */,
				BFEFD9C1247D540200AF5976 /* SwipeTableViewController.swift in Sources */,
				BF1DBE6424732354009D0B3B /* Item.swift in Sources */,
				BFA999A22458CEED00AA81EE /* SceneDelegate.swift in Sources */,
				BF1DBE6624732377009D0B3B /* Category.swift in Sources */,
			);
			runOnlyForDeploymentPostprocessing = 0;
		};
/* End PBXSourcesBuildPhase section */

/* Begin PBXVariantGroup section */
		BFA999A52458CEED00AA81EE /* Main.storyboard */ = {
			isa = PBXVariantGroup;
			children = (
				BFA999A62458CEED00AA81EE /* Base */,
			);
			name = Main.storyboard;
			sourceTree = "<group>";
		};
		BFA999AA2458CEF300AA81EE /* LaunchScreen.storyboard */ = {
			isa = PBXVariantGroup;
			children = (
				BFA999AB2458CEF300AA81EE /* Base */,
			);
			name = LaunchScreen.storyboard;
			sourceTree = "<group>";
		};
/* End PBXVariantGroup section */

/* Begin XCBuildConfiguration section */
		BFA999AE2458CEF300AA81EE /* Debug */ = {
			isa = XCBuildConfiguration;
			buildSettings = {
				ALWAYS_SEARCH_USER_PATHS = NO;
				CLANG_ANALYZER_NONNULL = YES;
				CLANG_ANALYZER_NUMBER_OBJECT_CONVERSION = YES_AGGRESSIVE;
				CLANG_CXX_LANGUAGE_STANDARD = "gnu++14";
				CLANG_CXX_LIBRARY = "libc++";
				CLANG_ENABLE_MODULES = YES;
				CLANG_ENABLE_OBJC_ARC = YES;
				CLANG_ENABLE_OBJC_WEAK = YES;
				CLANG_WARN_BLOCK_CAPTURE_AUTORELEASING = YES;
				CLANG_WARN_BOOL_CONVERSION = YES;
				CLANG_WARN_COMMA = YES;
				CLANG_WARN_CONSTANT_CONVERSION = YES;
				CLANG_WARN_DEPRECATED_OBJC_IMPLEMENTATIONS = YES;
				CLANG_WARN_DIRECT_OBJC_ISA_USAGE = YES_ERROR;
				CLANG_WARN_DOCUMENTATION_COMMENTS = YES;
				CLANG_WARN_EMPTY_BODY = YES;
				CLANG_WARN_ENUM_CONVERSION = YES;
				CLANG_WARN_INFINITE_RECURSION = YES;
				CLANG_WARN_INT_CONVERSION = YES;
				CLANG_WARN_NON_LITERAL_NULL_CONVERSION = YES;
				CLANG_WARN_OBJC_IMPLICIT_RETAIN_SELF = YES;
				CLANG_WARN_OBJC_LITERAL_CONVERSION = YES;
				CLANG_WARN_OBJC_ROOT_CLASS = YES_ERROR;
				CLANG_WARN_RANGE_LOOP_ANALYSIS = YES;
				CLANG_WARN_STRICT_PROTOTYPES = YES;
				CLANG_WARN_SUSPICIOUS_MOVE = YES;
				CLANG_WARN_UNGUARDED_AVAILABILITY = YES_AGGRESSIVE;
				CLANG_WARN_UNREACHABLE_CODE = YES;
				CLANG_WARN__DUPLICATE_METHOD_MATCH = YES;
				COPY_PHASE_STRIP = NO;
				DEBUG_INFORMATION_FORMAT = dwarf;
				ENABLE_STRICT_OBJC_MSGSEND = YES;
				ENABLE_TESTABILITY = YES;
				GCC_C_LANGUAGE_STANDARD = gnu11;
				GCC_DYNAMIC_NO_PIC = NO;
				GCC_NO_COMMON_BLOCKS = YES;
				GCC_OPTIMIZATION_LEVEL = 0;
				GCC_PREPROCESSOR_DEFINITIONS = (
					"DEBUG=1",
					"$(inherited)",
				);
				GCC_WARN_64_TO_32_BIT_CONVERSION = YES;
				GCC_WARN_ABOUT_RETURN_TYPE = YES_ERROR;
				GCC_WARN_UNDECLARED_SELECTOR = YES;
				GCC_WARN_UNINITIALIZED_AUTOS = YES_AGGRESSIVE;
				GCC_WARN_UNUSED_FUNCTION = YES;
				GCC_WARN_UNUSED_VARIABLE = YES;
				IPHONEOS_DEPLOYMENT_TARGET = 13.2;
				MTL_ENABLE_DEBUG_INFO = INCLUDE_SOURCE;
				MTL_FAST_MATH = YES;
				ONLY_ACTIVE_ARCH = YES;
				SDKROOT = iphoneos;
				SWIFT_ACTIVE_COMPILATION_CONDITIONS = DEBUG;
				SWIFT_OPTIMIZATION_LEVEL = "-Onone";
			};
			name = Debug;
		};
		BFA999AF2458CEF300AA81EE /* Release */ = {
			isa = XCBuildConfiguration;
			buildSettings = {
				ALWAYS_SEARCH_USER_PATHS = NO;
				CLANG_ANALYZER_NONNULL = YES;
				CLANG_ANALYZER_NUMBER_OBJECT_CONVERSION = YES_AGGRESSIVE;
				CLANG_CXX_LANGUAGE_STANDARD = "gnu++14";
				CLANG_CXX_LIBRARY = "libc++";
				CLANG_ENABLE_MODULES = YES;
				CLANG_ENABLE_OBJC_ARC = YES;
				CLANG_ENABLE_OBJC_WEAK = YES;
				CLANG_WARN_BLOCK_CAPTURE_AUTORELEASING = YES;
				CLANG_WARN_BOOL_CONVERSION = YES;
				CLANG_WARN_COMMA = YES;
				CLANG_WARN_CONSTANT_CONVERSION = YES;
				CLANG_WARN_DEPRECATED_OBJC_IMPLEMENTATIONS = YES;
				CLANG_WARN_DIRECT_OBJC_ISA_USAGE = YES_ERROR;
				CLANG_WARN_DOCUMENTATION_COMMENTS = YES;
				CLANG_WARN_EMPTY_BODY = YES;
				CLANG_WARN_ENUM_CONVERSION = YES;
				CLANG_WARN_INFINITE_RECURSION = YES;
				CLANG_WARN_INT_CONVERSION = YES;
				CLANG_WARN_NON_LITERAL_NULL_CONVERSION = YES;
				CLANG_WARN_OBJC_IMPLICIT_RETAIN_SELF = YES;
				CLANG_WARN_OBJC_LITERAL_CONVERSION = YES;
				CLANG_WARN_OBJC_ROOT_CLASS = YES_ERROR;
				CLANG_WARN_RANGE_LOOP_ANALYSIS = YES;
				CLANG_WARN_STRICT_PROTOTYPES = YES;
				CLANG_WARN_SUSPICIOUS_MOVE = YES;
				CLANG_WARN_UNGUARDED_AVAILABILITY = YES_AGGRESSIVE;
				CLANG_WARN_UNREACHABLE_CODE = YES;
				CLANG_WARN__DUPLICATE_METHOD_MATCH = YES;
				COPY_PHASE_STRIP = NO;
				DEBUG_INFORMATION_FORMAT = "dwarf-with-dsym";
				ENABLE_NS_ASSERTIONS = NO;
				ENABLE_STRICT_OBJC_MSGSEND = YES;
				GCC_C_LANGUAGE_STANDARD = gnu11;
				GCC_NO_COMMON_BLOCKS = YES;
				GCC_WARN_64_TO_32_BIT_CONVERSION = YES;
				GCC_WARN_ABOUT_RETURN_TYPE = YES_ERROR;
				GCC_WARN_UNDECLARED_SELECTOR = YES;
				GCC_WARN_UNINITIALIZED_AUTOS = YES_AGGRESSIVE;
				GCC_WARN_UNUSED_FUNCTION = YES;
				GCC_WARN_UNUSED_VARIABLE = YES;
				IPHONEOS_DEPLOYMENT_TARGET = 13.2;
				MTL_ENABLE_DEBUG_INFO = NO;
				MTL_FAST_MATH = YES;
				SDKROOT = iphoneos;
				SWIFT_COMPILATION_MODE = wholemodule;
				SWIFT_OPTIMIZATION_LEVEL = "-O";
				VALIDATE_PRODUCT = YES;
			};
			name = Release;
		};
		BFA999B12458CEF300AA81EE /* Debug */ = {
			isa = XCBuildConfiguration;
			baseConfigurationReference = 8F4659A923C4FBFB190CEA29 /* Pods-Todoey.debug.xcconfig */;
			buildSettings = {
				ASSETCATALOG_COMPILER_APPICON_NAME = AppIcon;
				CODE_SIGN_STYLE = Automatic;
				INFOPLIST_FILE = Todoey/Info.plist;
				LD_RUNPATH_SEARCH_PATHS = (
					"$(inherited)",
					"@executable_path/Frameworks",
				);
				PRODUCT_BUNDLE_IDENTIFIER = com.CindyRohr.Todoey;
				PRODUCT_NAME = "$(TARGET_NAME)";
				SWIFT_VERSION = 5.0;
				TARGETED_DEVICE_FAMILY = "1,2";
			};
			name = Debug;
		};
		BFA999B22458CEF300AA81EE /* Release */ = {
			isa = XCBuildConfiguration;
			baseConfigurationReference = 8ED2D2FB7317432B12A2C038 /* Pods-Todoey.release.xcconfig */;
			buildSettings = {
				ASSETCATALOG_COMPILER_APPICON_NAME = AppIcon;
				CODE_SIGN_STYLE = Automatic;
				INFOPLIST_FILE = Todoey/Info.plist;
				LD_RUNPATH_SEARCH_PATHS = (
					"$(inherited)",
					"@executable_path/Frameworks",
				);
				PRODUCT_BUNDLE_IDENTIFIER = com.CindyRohr.Todoey;
				PRODUCT_NAME = "$(TARGET_NAME)";
				SWIFT_VERSION = 5.0;
				TARGETED_DEVICE_FAMILY = "1,2";
			};
			name = Release;
		};
/* End XCBuildConfiguration section */

/* Begin XCConfigurationList section */
		BFA999972458CEED00AA81EE /* Build configuration list for PBXProject "Todoey" */ = {
			isa = XCConfigurationList;
			buildConfigurations = (
				BFA999AE2458CEF300AA81EE /* Debug */,
				BFA999AF2458CEF300AA81EE /* Release */,
			);
			defaultConfigurationIsVisible = 0;
			defaultConfigurationName = Release;
		};
		BFA999B02458CEF300AA81EE /* Build configuration list for PBXNativeTarget "Todoey" */ = {
			isa = XCConfigurationList;
			buildConfigurations = (
				BFA999B12458CEF300AA81EE /* Debug */,
				BFA999B22458CEF300AA81EE /* Release */,
			);
			defaultConfigurationIsVisible = 0;
			defaultConfigurationName = Release;
		};
/* End XCConfigurationList section */
	};
	rootObject = BFA999942458CEED00AA81EE /* Project object */;
}
